{
  "name": "base",
  "lockfileVersion": 3,
  "requires": true,
  "packages": {
    "": {
      "name": "base",
      "dependencies": {
        "@ant-design/icons": "^5.5.2"
      },
      "devDependencies": {
        "prettier": "^3.7.4",
        "turbo": "^2.7.5",
        "typescript": "5.9.2"
      },
      "engines": {
        "node": ">=18"
      }
    },
    "node_modules/@ant-design/colors": {
      "version": "7.2.1",
      "resolved": "https://registry.npmjs.org/@ant-design/colors/-/colors-7.2.1.tgz",
      "integrity": "sha512-lCHDcEzieu4GA3n8ELeZ5VQ8pKQAWcGGLRTQ50aQM2iqPpq2evTxER84jfdPvsPAtEcZ7m44NI45edFMo8oOYQ==",
      "license": "MIT",
      "dependencies": {
        "@ant-design/fast-color": "^2.0.6"
      }
    },
    "node_modules/@ant-design/fast-color": {
      "version": "2.0.6",
      "resolved": "https://registry.npmjs.org/@ant-design/fast-color/-/fast-color-2.0.6.tgz",
      "integrity": "sha512-y2217gk4NqL35giHl72o6Zzqji9O7vHh9YmhUVkPtAOpoTCH4uWxo/pr4VE8t0+ChEPs0qo4eJRC5Q1eXWo3vA==",
      "license": "MIT",
      "dependencies": {
        "@babel/runtime": "^7.24.7"
      },
      "engines": {
        "node": ">=8.x"
      }
    },
    "node_modules/@ant-design/icons": {
      "version": "5.6.1",
      "resolved": "https://registry.npmjs.org/@ant-design/icons/-/icons-5.6.1.tgz",
      "integrity": "sha512-0/xS39c91WjPAZOWsvi1//zjx6kAp4kxWwctR6kuU6p133w8RU0D2dSCvZC19uQyharg/sAvYxGYWl01BbZZfg==",
      "license": "MIT",
      "dependencies": {
        "@ant-design/colors": "^7.0.0",
        "@ant-design/icons-svg": "^4.4.0",
        "@babel/runtime": "^7.24.8",
        "classnames": "^2.2.6",
        "rc-util": "^5.31.1"
      },
      "engines": {
        "node": ">=8"
      },
      "peerDependencies": {
        "react": ">=16.0.0",
        "react-dom": ">=16.0.0"
      }
    },
    "node_modules/@ant-design/icons-svg": {
      "version": "4.4.2",
      "resolved": "https://registry.npmjs.org/@ant-design/icons-svg/-/icons-svg-4.4.2.tgz",
      "integrity": "sha512-vHbT+zJEVzllwP+CM+ul7reTEfBR0vgxFe7+lREAsAA7YGsYpboiq2sQNeQeRvh09GfQgs/GyFEvZpJ9cLXpXA==",
      "license": "MIT"
    },
    "node_modules/@babel/runtime": {
      "version": "7.29.2",
      "resolved": "https://registry.npmjs.org/@babel/runtime/-/runtime-7.29.2.tgz",
      "integrity": "sha512-JiDShH45zKHWyGe4ZNVRrCjBz8Nh9TMmZG1kh4QTK8hCBTWBi8Da+i7s1fJw7/lYpM4ccepSNfqzZ/QvABBi5g==",
      "license": "MIT",
      "engines": {
        "node": ">=6.9.0"
      }
    },
    "node_modules/@turbo/darwin-64": {
      "version": "2.9.9",
      "resolved": "https://registry.npmjs.org/@turbo/darwin-64/-/darwin-64-2.9.9.tgz",
      "integrity": "sha512-hTEiNu2ABZZOO1qbjnKASI8eF3BdOOzU6iKv5w5uGOK65DDMc10cS40N1kqM99YT0uSAGUwNu6GdFctRPeEeVA==",
      "cpu": [
        "x64"
      ],
      "dev": true,
      "license": "MIT",
      "optional": true,
      "os": [
        "darwin"
      ]
    },
    "node_modules/@turbo/darwin-arm64": {
      "version": "2.9.9",
      "resolved": "https://registry.npmjs.org/@turbo/darwin-arm64/-/darwin-arm64-2.9.9.tgz",
      "integrity": "sha512-MinO40EEcP5mJiTVpfjtEulsEBhVeryfq21QhYtJZ8hQJLHGgy459rcmDVAY8/JERe4dkVU4KW+zoLF22o01EA==",
      "cpu": [
        "arm64"
      ],
      "dev": true,
      "license": "MIT",
      "optional": true,
      "os": [
        "darwin"
      ]
    },
    "node_modules/@turbo/linux-64": {
      "version": "2.9.9",
      "resolved": "https://registry.npmjs.org/@turbo/linux-64/-/linux-64-2.9.9.tgz",
      "integrity": "sha512-7JNLw88Isk+gMlbsC8pulLDkrqe2B827ZsKFEHilb17AC6Xn/62pzH7afjY7fEU6Ayp4XP/vGhlRWOzqBvBvIQ==",
      "cpu": [
        "x64"
      ],
      "dev": true,
      "license": "MIT",
      "optional": true,
      "os": [
        "linux"
      ]
    },
    "node_modules/@turbo/linux-arm64": {
      "version": "2.9.9",
      "resolved": "https://registry.npmjs.org/@turbo/linux-arm64/-/linux-arm64-2.9.9.tgz",
      "integrity": "sha512-0pnXDwPw1rHii98JZPRg7SvsjIzy7jrhkwGU9Jy5fVYoMdYd3P2vbtLfII+OJ0Mm4Ar5yykdHDTz3RWiRI1o9g==",
      "cpu": [
        "arm64"
      ],
      "dev": true,
      "license": "MIT",
      "optional": true,
      "os": [
        "linux"
      ]
    },
    "node_modules/@turbo/windows-64": {
      "version": "2.9.9",
      "resolved": "https://registry.npmjs.org/@turbo/windows-64/-/windows-64-2.9.9.tgz",
      "integrity": "sha512-vjDQycz4gQVvIq4n2rPtiiIESwJlAc406qtkiZlqyL+fHZEd9SxYNlBIFYtc5cuMuwrk+sIKrhN7XvwjmvS9YQ==",
      "cpu": [
        "x64"
      ],
      "dev": true,
      "license": "MIT",
      "optional": true,
      "os": [
        "win32"
      ]
    },
    "node_modules/@turbo/windows-arm64": {
      "version": "2.9.9",
      "resolved": "https://registry.npmjs.org/@turbo/windows-arm64/-/windows-arm64-2.9.9.tgz",
      "integrity": "sha512-V6NiH43oCctepbOdQFp7UjqLyK8p6Tt824QA+G4TE+B1BBHu80A0W8OCL+H7uBJ3XZjAj/hvPDw3k3l65DoDGw==",
      "cpu": [
        "arm64"
      ],
      "dev": true,
      "license": "MIT",
      "optional": true,
      "os": [
        "win32"
      ]
    },
    "node_modules/classnames": {
      "version": "2.5.1",
      "resolved": "https://registry.npmjs.org/classnames/-/classnames-2.5.1.tgz",
      "integrity": "sha512-saHYOzhIQs6wy2sVxTM6bUDsQO4F50V9RQ22qBpEdCW+I+/Wmke2HOl6lS6dTpdxVhb88/I6+Hs+438c3lfUow==",
      "license": "MIT"
    },
    "node_modules/prettier": {
      "version": "3.8.3",
      "resolved": "https://registry.npmjs.org/prettier/-/prettier-3.8.3.tgz",
      "integrity": "sha512-7igPTM53cGHMW8xWuVTydi2KO233VFiTNyF5hLJqpilHfmn8C8gPf+PS7dUT64YcXFbiMGZxS9pCSxL/Dxm/Jw==",
      "dev": true,
      "license": "MIT",
      "bin": {
        "prettier": "bin/prettier.cjs"
      },
      "engines": {
        "node": ">=14"
      },
      "funding": {
        "url": "https://github.com/prettier/prettier?sponsor=1"
      }
    },
    "node_modules/rc-util": {
      "version": "5.44.4",
      "resolved": "https://registry.npmjs.org/rc-util/-/rc-util-5.44.4.tgz",
      "integrity": "sha512-resueRJzmHG9Q6rI/DfK6Kdv9/Lfls05vzMs1Sk3M2P+3cJa+MakaZyWY8IPfehVuhPJFKrIY1IK4GqbiaiY5w==",
      "license": "MIT",
      "dependencies": {
        "@babel/runtime": "^7.18.3",
        "react-is": "^18.2.0"
      },
      "peerDependencies": {
        "react": ">=16.9.0",
        "react-dom": ">=16.9.0"
      }
    },
    "node_modules/react": {
      "version": "19.2.5",
      "resolved": "https://registry.npmjs.org/react/-/react-19.2.5.tgz",
      "integrity": "sha512-llUJLzz1zTUBrskt2pwZgLq59AemifIftw4aB7JxOqf1HY2FDaGDxgwpAPVzHU1kdWabH7FauP4i1oEeer2WCA==",
      "license": "MIT",
      "peer": true,
      "engines": {
        "node": ">=0.10.0"
      }
    },
    "node_modules/react-dom": {
      "version": "19.2.5",
      "resolved": "https://registry.npmjs.org/react-dom/-/react-dom-19.2.5.tgz",
      "integrity": "sha512-J5bAZz+DXMMwW/wV3xzKke59Af6CHY7G4uYLN1OvBcKEsWOs4pQExj86BBKamxl/Ik5bx9whOrvBlSDfWzgSag==",
      "license": "MIT",
      "peer": true,
      "dependencies": {
        "scheduler": "^0.27.0"
      },
      "peerDependencies": {
        "react": "^19.2.5"
      }
    },
    "node_modules/react-is": {
      "version": "18.3.1",
      "resolved": "https://registry.npmjs.org/react-is/-/react-is-18.3.1.tgz",
      "integrity": "sha512-/LLMVyas0ljjAtoYiPqYiL8VWXzUUdThrmU5+n20DZv+a+ClRoevUzw5JxU+Ieh5/c87ytoTBV9G1FiKfNJdmg==",
      "license": "MIT"
    },
    "node_modules/scheduler": {
      "version": "0.27.0",
      "resolved": "https://registry.npmjs.org/scheduler/-/scheduler-0.27.0.tgz",
      "integrity": "sha512-eNv+WrVbKu1f3vbYJT/xtiF5syA5HPIMtf9IgY/nKg0sWqzAUEvqY/xm7OcZc/qafLx/iO9FgOmeSAp4v5ti/Q==",
      "license": "MIT",
      "peer": true
    },
    "node_modules/turbo": {
      "version": "2.9.9",
      "resolved": "https://registry.npmjs.org/turbo/-/turbo-2.9.9.tgz",
      "integrity": "sha512-3xfzXE/yTjhh0S5dIWlE+3E+J9A09REpLI1ZqVh2+HrNZoVzZn0pkvjiRgVK/Ev3PF9XnaTwCntTx+CADWXcyA==",
      "dev": true,
      "license": "MIT",
      "bin": {
        "turbo": "bin/turbo"
      },
      "optionalDependencies": {
        "@turbo/darwin-64": "2.9.9",
        "@turbo/darwin-arm64": "2.9.9",
        "@turbo/linux-64": "2.9.9",
        "@turbo/linux-arm64": "2.9.9",
        "@turbo/windows-64": "2.9.9",
        "@turbo/windows-arm64": "2.9.9"
      }
    },
    "node_modules/typescript": {
      "version": "5.9.2",
      "resolved": "https://registry.npmjs.org/typescript/-/typescript-5.9.2.tgz",
      "integrity": "sha512-CWBzXQrc/qOkhidw1OzBTQuYRbfyxDXJMVJ1XNwUHGROVmuaeiEm3OslpZ1RV96d7SKKjZKrSJu3+t/xlw3R9A==",
      "dev": true,
      "license": "Apache-2.0",
      "bin": {
        "tsc": "bin/tsc",
        "tsserver": "bin/tsserver"
      },
      "engines": {
        "node": ">=14.17"
      }
    }
  }
}
